// !$*UTF8*$!
{
	archiveVersion = 1;
	classes = {
	};
	objectVersion = 46;
	objects = {

/* Begin PBXBuildFile section */
		0B31256A1D94F88D009B537B /* main.m in Sources */ = {isa = PBXBuildFile; fileRef = 0B3125691D94F88D009B537B /* main.m */; };
		0B31256D1D94F88D009B537B /* AppDelegate.m in Sources */ = {isa = PBXBuildFile; fileRef = 0B31256C1D94F88D009B537B /* AppDelegate.m */; };
		0B3125701D94F88D009B537B /* ViewController.m in Sources */ = {isa = PBXBuildFile; fileRef = 0B31256F1D94F88D009B537B /* ViewController.m */; };
		0B3125731D94F88D009B537B /* Main.storyboard in Resources */ = {isa = PBXBuildFile; fileRef = 0B3125711D94F88D009B537B /* Main.storyboard */; };
		0B3125751D94F88D009B537B /* Assets.xcassets in Resources */ = {isa = PBXBuildFile; fileRef = 0B3125741D94F88D009B537B /* Assets.xcassets */; };
		0B3125781D94F88D009B537B /* LaunchScreen.storyboard in Resources */ = {isa = PBXBuildFile; fileRef = 0B3125761D94F88D009B537B /* LaunchScreen.storyboard */; };
		0B3125811D94F9FB009B537B /* XJScrollTextView.m in Sources */ = {isa = PBXBuildFile; fileRef = 0B3125801D94F9FB009B537B /* XJScrollTextView.m */; };
/* End PBXBuildFile section */

/* Begin PBXFileReference section */
		0B3125651D94F88D009B537B /* XJScrollTextView.app */ = {isa = PBXFileReference; explicitFileType = wrapper.application; includeInIndex = 0; path = XJScrollTextView.app; sourceTree = BUILT_PRODUCTS_DIR; };
		0B3125691D94F88D009B537B /* main.m */ = {isa = PBXFileReference; lastKnownFileType = sourcecode.c.objc; path = main.m; sourceTree = "<group>"; };
		0B31256B1D94F88D009B537B /* AppDelegate.h */ = {isa = PBXFileReference; lastKnownFileType = sourcecode.c.h; path = AppDelegate.h; sourceTree = "<group>"; };
		0B31256C1D94F88D009B537B /* AppDelegate.m */ = {isa = PBXFileReference; lastKnownFileType = sourcecode.c.objc; path = AppDelegate.m; sourceTree = "<group>"; };
		0B31256E1D94F88D009B537B /* ViewController.h */ = {isa = PBXFileReference; lastKnownFileType = sourcecode.c.h; path = ViewController.h; sourceTree = "<group>"; };
		0B31256F1D94F88D009B537B /* ViewController.m */ = {isa = PBXFileReference; lastKnownFileType = sourcecode.c.objc; path = ViewController.m; sourceTree = "<group>"; };
		0B3125721D94F88D009B537B /* Base */ = {isa = PBXFileReference; lastKnownFileType = file.storyboard; name = Base; path = Base.lproj/Main.storyboard; sourceTree = "<group>"; };
		0B3125741D94F88D009B537B /* Assets.xcassets */ = {isa = PBXFileReference; lastKnownFileType = folder.assetcatalog; path = Assets.xcassets; sourceTree = "<group>"; };
		0B3125771D94F88D009B537B /* Base */ = {isa = PBXFileReference; lastKnownFileType = file.storyboard; name = Base; path = Base.lproj/LaunchScreen.storyboard; sourceTree = "<group>"; };
		0B3125791D94F88D009B537B /* Info.plist */ = {isa = PBXFileReference; lastKnownFileType = text.plist.xml; path = Info.plist; sourceTree = "<group>"; };
		0B31257F1D94F9FB009B537B /* XJScrollTextView.h */ = {isa = PBXFileReference; fileEncoding = 4; lastKnownFileType = sourcecode.c.h; path = XJScrollTextView.h; sourceTree = "<group>"; };
		0B3125801D94F9FB009B537B /* XJScrollTextView.m */ = {isa = PBXFileReference; fileEncoding = 4; lastKnownFileType = sourcecode.c.objc; path = XJScrollTextView.m; sourceTree = "<group>"; };
/* End PBXFileReference section */

/* Begin PBXFrameworksBuildPhase section */
		0B3125621D94F88D009B537B /* Frameworks */ = {
			isa = PBXFrameworksBuildPhase;
			buildActionMask = 2147483647;
			files = (
			);
			runOnlyForDeploymentPostprocessing = 0;
		};
/* End PBXFrameworksBuildPhase section */

/* Begin PBXGroup section */
		0B31255C1D94F88D009B537B = {
			isa = PBXGroup;
			children = (
				0B3125671D94F88D009B537B /* XJScrollTextView */,
				0B3125661D94F88D009B537B /* Products */,
			);
			sourceTree = "<group>";
		};
		0B3125661D94F88D009B537B /* Products */ = {
			isa = PBXGroup;
			children = (
				0B3125651D94F88D009B537B /* XJScrollTextView.app */,
			);
			name = Products;
			sourceTree = "<group>";
		};
		0B3125671D94F88D009B537B /* XJScrollTextView */ = {
			isa = PBXGroup;
			children = (
				0B31256B1D94F88D009B537B /* AppDelegate.h */,
				0B31256C1D94F88D009B537B /* AppDelegate.m */,
				0B31256E1D94F88D009B537B /* ViewController.h */,
				0B31256F1D94F88D009B537B /* ViewController.m */,
				0B31257F1D94F9FB009B537B /* XJScrollTextView.h */,
				0B3125801D94F9FB009B537B /* XJScrollTextView.m */,
				0B3125711D94F88D009B537B /* Main.storyboard */,
				0B3125741D94F88D009B537B /* Assets.xcassets */,
				0B3125761D94F88D009B537B /* LaunchScreen.storyboard */,
				0B3125791D94F88D009B537B /* Info.plist */,
				0B3125681D94F88D009B537B /* Supporting Files */,
			);
			path = XJScrollTextView;
			sourceTree = "<group>";
		};
		0B3125681D94F88D009B537B /* Supporting Files */ = {
			isa = PBXGroup;
			children = (
				0B3125691D94F88D009B537B /* main.m */,
			);
			name = "Supporting Files";
			sourceTree = "<group>";
		};
/* End PBXGroup section */

/* Begin PBXNativeTarget section */
		0B3125641D94F88D009B537B /* XJScrollTextView */ = {
			isa = PBXNativeTarget;
			buildConfigurationList = 0B31257C1D94F88D009B537B /* Build configuration list for PBXNativeTarget "XJScrollTextView" */;
			buildPhases = (
				0B3125611D94F88D009B537B /* Sources */,
				0B3125621D94F88D009B537B /* Frameworks */,
				0B3125631D94F88D009B537B /* Resources */,
			);
			buildRules = (
			);
			dependencies = (
			);
			name = XJScrollTextView;
			productName = XJScrollTextView;
			productReference = 0B3125651D94F88D009B537B /* XJScrollTextView.app */;
			productType = "com.apple.product-type.application";
		};
/* End PBXNativeTarget section */

/* Begin PBXProject section */
		0B31255D1D94F88D009B537B /* Project object */ = {
			isa = PBXProject;
			attributes = {
				LastUpgradeCheck = 0730;
				ORGANIZATIONNAME = Dear;
				TargetAttributes = {
					0B3125641D94F88D009B537B = {
						CreatedOnToolsVersion = 7.3;
						DevelopmentTeam = DE9FVUE4JV;
					};
				};
			};
			buildConfigurationList = 0B3125601D94F88D009B537B /* Build configuration list for PBXProject "XJScrollTextView" */;
			compatibilityVersion = "Xcode 3.2";
			developmentRegion = English;
			hasScannedForEncodings = 0;
			knownRegions = (
				en,
				Base,
			);
			mainGroup = 0B31255C1D94F88D009B537B;
			productRefGroup = 0B3125661D94F88D009B537B /* Products */;
			projectDirPath = "";
			projectRoot = "";
			targets = (
				0B3125641D94F88D009B537B /* XJScrollTextView */,
			);
		};
/* End PBXProject section */

/* Begin PBXResourcesBuildPhase section */
		0B3125631D94F88D009B537B /* Resources */ = {
			isa = PBXResourcesBuildPhase;
			buildActionMask = 2147483647;
			files = (
				0B3125781D94F88D009B537B /* LaunchScreen.storyboard in Resources */,
				0B3125751D94F88D009B537B /* Assets.xcassets in Resources */,
				0B3125731D94F88D009B537B /* Main.storyboard in Resources */,
			);
			runOnlyForDeploymentPostprocessing = 0;
		};
/* End PBXResourcesBuildPhase section */

/* Begin PBXSourcesBuildPhase section */
		0B3125611D94F88D009B537B /* Sources */ = {
			isa = PBXSourcesBuildPhase;
			buildActionMask = 2147483647;
			files = (
				0B3125701D94F88D009B537B /* ViewController.m in Sources */,
				0B31256D1D94F88D009B537B /* AppDelegate.m in Sources */,
				0B3125811D94F9FB009B537B /* XJScrollTextView.m in Sources */,
				0B31256A1D94F88D009B537B /* main.m in Sources */,
			);
			runOnlyForDeploymentPostprocessing = 0;
		};
/* End PBXSourcesBuildPhase section */

/* Begin PBXVariantGroup section */
		0B3125711D94F88D009B537B /* Main.storyboard */ = {
			isa = PBXVariantGroup;
			children = (
				0B3125721D94F88D009B537B /* Base */,
			);
			name = Main.storyboard;
			sourceTree = "<group>";
		};
		0B3125761D94F88D009B537B /* LaunchScreen.storyboard */ = {
			isa = PBXVariantGroup;
			children = (
				0B3125771D94F88D009B537B /* Base */,
			);
			name = LaunchScreen.storyboard;
			sourceTree = "<group>";
		};
/* End PBXVariantGroup section */

/* Begin XCBuildConfiguration section */
		0B31257A1D94F88D009B537B /* Debug */ = {
			isa = XCBuildConfiguration;
			buildSettings = {
				ALWAYS_SEARCH_USER_PATHS = NO;
				CLANG_ANALYZER_NONNULL = YES;
				CLANG_CXX_LANGUAGE_STANDARD = "gnu++0x";
				CLANG_CXX_LIBRARY = "libc++";
				CLANG_ENABLE_MODULES = YES;
				CLANG_ENABLE_OBJC_ARC = YES;
				CLANG_WARN_BOOL_CONVERSION = YES;
				CLANG_WARN_CONSTANT_CONVERSION = YES;
				CLANG_WARN_DIRECT_OBJC_ISA_USAGE = YES_ERROR;
				CLANG_WARN_EMPTY_BODY = YES;
				CLANG_WARN_ENUM_CONVERSION = YES;
				CLANG_WARN_INT_CONVERSION = YES;
				CLANG_WARN_OBJC_ROOT_CLASS = YES_ERROR;
				CLANG_WARN_UNREACHABLE_CODE = YES;
				CLANG_WARN__DUPLICATE_METHOD_MATCH = YES;
				"CODE_SIGN_IDENTITY[sdk=iphoneos*]" = "iPhone Developer";
				COPY_PHASE_STRIP = NO;
				DEBUG_INFORMATION_FORMAT = dwarf;
				ENABLE_STRICT_OBJC_MSGSEND = YES;
				ENABLE_TESTABILITY = YES;
				GCC_C_LANGUAGE_STANDARD = gnu99;
				GCC_DYNAMIC_NO_PIC = NO;
				GCC_NO_COMMON_BLOCKS = YES;
				GCC_OPTIMIZATION_LEVEL = 0;
				GCC_PREPROCESSOR_DEFINITIONS = (
					"DEBUG=1",
					"$(inherited)",
				);
				GCC_WARN_64_TO_32_BIT_CONVERSION = YES;
				GCC_WARN_ABOUT_RETURN_TYPE = YES_ERROR;
				GCC_WARN_UNDECLARED_SELECTOR = YES;
				GCC_WARN_UNINITIALIZED_AUTOS = YES_AGGRESSIVE;
				GCC_WARN_UNUSED_FUNCTION = YES;
				GCC_WARN_UNUSED_VARIABLE = YES;
				IPHONEOS_DEPLOYMENT_TARGET = 9.3;
				MTL_ENABLE_DEBUG_INFO = YES;
				ONLY_ACTIVE_ARCH = YES;
				SDKROOT = iphoneos;
			};
			name = Debug;
		};
		0B31257B1D94F88D009B537B /* Release */ = {
			isa = XCBuildConfiguration;
			buildSettings = {
				ALWAYS_SEARCH_USER_PATHS = NO;
				CLANG_ANALYZER_NONNULL = YES;
				CLANG_CXX_LANGUAGE_STANDARD = "gnu++0x";
				CLANG_CXX_LIBRARY = "libc++";
				CLANG_ENABLE_MODULES = YES;
				CLANG_ENABLE_OBJC_ARC = YES;
				CLANG_WARN_BOOL_CONVERSION = YES;
				CLANG_WARN_CONSTANT_CONVERSION = YES;
				CLANG_WARN_DIRECT_OBJC_ISA_USAGE = YES_ERROR;
				CLANG_WARN_EMPTY_BODY = YES;
				CLANG_WARN_ENUM_CONVERSION = YES;
				CLANG_WARN_INT_CONVERSION = YES;
				CLANG_WARN_OBJC_ROOT_CLASS = YES_ERROR;
				CLANG_WARN_UNREACHABLE_CODE = YES;
				CLANG_WARN__DUPLICATE_METHOD_MATCH = YES;
				"CODE_SIGN_IDENTITY[sdk=iphoneos*]" = "iPhone Developer";
				COPY_PHASE_STRIP = NO;
				DEBUG_INFORMATION_FORMAT = "dwarf-with-dsym";
				ENABLE_NS_ASSERTIONS = NO;
				ENABLE_STRICT_OBJC_MSGSEND = YES;
				GCC_C_LANGUAGE_STANDARD = gnu99;
				GCC_NO_COMMON_BLOCKS = YES;
				GCC_WARN_64_TO_32_BIT_CONVERSION = YES;
				GCC_WARN_ABOUT_RETURN_TYPE = YES_ERROR;
				GCC_WARN_UNDECLARED_SELECTOR = YES;
				GCC_WARN_UNINITIALIZED_AUTOS = YES_AGGRESSIVE;
				GCC_WARN_UNUSED_FUNCTION = YES;
				GCC_WARN_UNUSED_VARIABLE = YES;
				IPHONEOS_DEPLOYMENT_TARGET = 9.3;
				MTL_ENABLE_DEBUG_INFO = NO;
				SDKROOT = iphoneos;
				VALIDATE_PRODUCT = YES;
			};
			name = Release;
		};
		0B31257D1D94F88D009B537B /* Debug */ = {
			isa = XCBuildConfiguration;
			buildSettings = {
				ASSETCATALOG_COMPILER_APPICON_NAME = AppIcon;
				INFOPLIST_FILE = XJScrollTextView/Info.plist;
				LD_RUNPATH_SEARCH_PATHS = "$(inherited) @executable_path/Frameworks";
				PRODUCT_BUNDLE_IDENTIFIER = com.Dear.XJScrollTextView;
				PRODUCT_NAME = "$(TARGET_NAME)";
			};
			name = Debug;
		};
		0B31257E1D94F88D009B537B /* Release */ = {
			isa = XCBuildConfiguration;
			buildSettings = {
				ASSETCATALOG_COMPILER_APPICON_NAME = AppIcon;
				INFOPLIST_FILE = XJScrollTextView/Info.plist;
				LD_RUNPATH_SEARCH_PATHS = "$(inherited) @executable_path/Frameworks";
				PRODUCT_BUNDLE_IDENTIFIER = com.Dear.XJScrollTextView;
				PRODUCT_NAME = "$(TARGET_NAME)";
			};
			name = Release;
		};
/* End XCBuildConfiguration section */

/* Begin XCConfigurationList section */
		0B3125601D94F88D009B537B /* Build configuration list for PBXProject "XJScrollTextView" */ = {
			isa = XCConfigurationList;
			buildConfigurations = (
				0B31257A1D94F88D009B537B /* Debug */,
				0B31257B1D94F88D009B537B /* Release */,
			);
			defaultConfigurationIsVisible = 0;
			defaultConfigurationName = Release;
		};
		0B31257C1D94F88D009B537B /* Build configuration list for PBXNativeTarget "XJScrollTextView" */ = {
			isa = XCConfigurationList;
			buildConfigurations = (
				0B31257D1D94F88D009B537B /* Debug */,
				0B31257E1D94F88D009B537B /* Release */,
			);
			defaultConfigurationIsVisible = 0;
		};
/* End XCConfigurationList section */
	};
	rootObject = 0B31255D1D94F88D009B537B /* Project object */;
}
